# THIS IS AN AUTOGENERATED FILE. DO NOT EDIT THIS FILE DIRECTLY.
# yarn lockfile v1


"@material/animation@^0.3.1":
  version "0.3.1"
  resolved "https://registry.yarnpkg.com/@material/animation/-/animation-0.3.1.tgz#229de6927d0590d6d6b20157d778d264ef02229a"

"@material/animation@^0.4.1":
  version "0.4.1"
  resolved "https://registry.yarnpkg.com/@material/animation/-/animation-0.4.1.tgz#bf8b50aedad4cffce8a5b428fdca8f1abbaf176e"

"@material/auto-init@^0.1.3":
  version "0.1.4"
  resolved "https://registry.yarnpkg.com/@material/auto-init/-/auto-init-0.1.4.tgz#46dd5579be93f61050bc4948c7f182420a96d5f4"

"@material/base@^0.2.3", "@material/base@^0.2.5", "@material/base@^0.2.6":
  version "0.2.6"
  resolved "https://registry.yarnpkg.com/@material/base/-/base-0.2.6.tgz#3003f3df2c06d172151d4160b8c8b2e6c65e7c01"

"@material/button@^0.3.11":
  version "0.3.11"
  resolved "https://registry.yarnpkg.com/@material/button/-/button-0.3.11.tgz#17ab4cd5d55389e3da3496b1c1626dce4f6a7839"
  dependencies:
    "@material/elevation" "^0.1.11"
    "@material/ripple" "^0.8.2"
    "@material/theme" "^0.1.7"
    "@material/typography" "^0.3.0"

"@material/button@^0.6.0":
  version "0.6.0"
  resolved "https://registry.yarnpkg.com/@material/button/-/button-0.6.0.tgz#ced420d28b4fd2d5d4b0270646306ece503627b6"
  dependencies:
    "@material/elevation" "^0.1.11"
    "@material/ripple" "^0.8.6"
    "@material/theme" "^0.3.0"
    "@material/typography" "^0.3.0"

"@material/card@^0.2.6":
  version "0.2.10"
  resolved "https://registry.yarnpkg.com/@material/card/-/card-0.2.10.tgz#59a553f445c07a2bd2a6c39390316a1d9c2af2b1"
  dependencies:
    "@material/elevation" "^0.1.13"
    "@material/rtl" "^0.1.8"
    "@material/theme" "^0.4.0"
    "@material/typography" "^0.3.0"

"@material/checkbox@^0.4.2":
  version "0.4.8"
  resolved "https://registry.yarnpkg.com/@material/checkbox/-/checkbox-0.4.8.tgz#8ecb12a075bc362502174fadf33096f5877c5110"
  dependencies:
    "@material/animation" "^0.4.1"
    "@material/base" "^0.2.6"
    "@material/ripple" "^0.8.8"
    "@material/rtl" "^0.1.8"
    "@material/selection-control" "^0.1.3"
    "@material/theme" "^0.4.0"

"@material/dialog@^0.3.5":
  version "0.3.5"
  resolved "https://registry.yarnpkg.com/@material/dialog/-/dialog-0.3.5.tgz#3f4f724c3e7e244509fd4ffea7b3878f526329f1"
  dependencies:
    "@material/animation" "^0.3.1"
    "@material/base" "^0.2.3"
    "@material/elevation" "^0.1.11"
    "@material/ripple" "^0.8.2"
    "@material/rtl" "^0.1.7"
    "@material/theme" "^0.1.7"
    "@material/typography" "^0.1.1"
    focus-trap "^2.3.0"

"@material/drawer@^0.5.4":
  version "0.5.9"
  resolved "https://registry.yarnpkg.com/@material/drawer/-/drawer-0.5.9.tgz#81b81df5c8d95e8297ae052cffa66dc997011dbd"
  dependencies:
    "@material/animation" "^0.4.1"
    "@material/base" "^0.2.6"
    "@material/elevation" "^0.1.13"
    "@material/rtl" "^0.1.8"
    "@material/theme" "^0.4.0"
    "@material/typography" "^0.3.0"

"@material/elevation@^0.1.11", "@material/elevation@^0.1.13":
  version "0.1.13"
  resolved "https://registry.yarnpkg.com/@material/elevation/-/elevation-0.1.13.tgz#a38885f3caf4398ca6a7468c308887d70bd4605b"
  dependencies:
    "@material/animation" "^0.4.1"

"@material/fab@^0.3.13":
  version "0.3.16"
  resolved "https://registry.yarnpkg.com/@material/fab/-/fab-0.3.16.tgz#8695249359d11cf75527e20fd6a3b7705efc5e15"
  dependencies:
    "@material/animation" "^0.3.1"
    "@material/elevation" "^0.1.11"
    "@material/ripple" "^0.8.5"
    "@material/theme" "^0.2.0"

"@material/form-field@^0.2.11":
  version "0.2.17"
  resolved "https://registry.yarnpkg.com/@material/form-field/-/form-field-0.2.17.tgz#7e2a268495160712c0d96d44530820098a5dca55"
  dependencies:
    "@material/base" "^0.2.6"
    "@material/rtl" "^0.1.8"
    "@material/selection-control" "^0.1.3"
    "@material/theme" "^0.4.0"
    "@material/typography" "^0.3.0"

"@material/grid-list@^0.2.8":
  version "0.2.13"
  resolved "https://registry.yarnpkg.com/@material/grid-list/-/grid-list-0.2.13.tgz#04ce198d23c710c67316f1ec5f0409829fd6bead"
  dependencies:
    "@material/base" "^0.2.6"
    "@material/rtl" "^0.1.8"
    "@material/theme" "^0.4.0"
    "@material/typography" "^0.3.0"

"@material/icon-toggle@^0.1.16":
  version "0.1.22"
  resolved "https://registry.yarnpkg.com/@material/icon-toggle/-/icon-toggle-0.1.22.tgz#c6c449851f6b9ed29ff3799ee55a3410809b890f"
  dependencies:
    "@material/animation" "^0.4.1"
    "@material/base" "^0.2.6"
    "@material/ripple" "^0.8.8"
    "@material/theme" "^0.4.0"

"@material/layout-grid@^0.4.1":
  version "0.4.4"
  resolved "https://registry.yarnpkg.com/@material/layout-grid/-/layout-grid-0.4.4.tgz#f87daee5ad45ec27de91c61538d8410bb12d5429"

"@material/linear-progress@^0.1.6":
  version "0.1.11"
  resolved "https://registry.yarnpkg.com/@material/linear-progress/-/linear-progress-0.1.11.tgz#971d4e015575a4b131e96f0aa0c9440ad5e9e3ef"
  dependencies:
    "@material/animation" "^0.4.1"
    "@material/base" "^0.2.6"
    "@material/theme" "^0.4.0"

"@material/list@^0.2.14", "@material/list@^0.2.20":
  version "0.2.20"
  resolved "https://registry.yarnpkg.com/@material/list/-/list-0.2.20.tgz#5ed4b31be3b19c1ac5c2f45b8bd8885bb5737434"
  dependencies:
    "@material/ripple" "^0.8.8"
    "@material/rtl" "^0.1.8"
    "@material/theme" "^0.4.0"
    "@material/typography" "^0.3.0"

"@material/menu@^0.4.3", "@material/menu@^0.4.8":
  version "0.4.8"
  resolved "https://registry.yarnpkg.com/@material/menu/-/menu-0.4.8.tgz#603b4005d96970e15474f9d2823f4c7ca0f5287b"
  dependencies:
    "@material/animation" "^0.4.1"
    "@material/base" "^0.2.6"
    "@material/elevation" "^0.1.13"
    "@material/theme" "^0.4.0"
    "@material/typography" "^0.3.0"

"@material/radio@^0.2.9":
  version "0.2.15"
  resolved "https://registry.yarnpkg.com/@material/radio/-/radio-0.2.15.tgz#3598f79cbe1c413c2b54ac32b0db12955f93636b"
  dependencies:
    "@material/animation" "^0.4.1"
    "@material/base" "^0.2.6"
    "@material/ripple" "^0.8.8"
    "@material/selection-control" "^0.1.3"
    "@material/theme" "^0.4.0"

"@material/ripple@^0.8.2", "@material/ripple@^0.8.5", "@material/ripple@^0.8.6", "@material/ripple@^0.8.8":
  version "0.8.8"
  resolved "https://registry.yarnpkg.com/@material/ripple/-/ripple-0.8.8.tgz#22b89ed9e63883f17fa4f00d12370e32e0c459b7"
  dependencies:
    "@material/base" "^0.2.6"
    "@material/theme" "^0.4.0"

"@material/rtl@^0.1.7", "@material/rtl@^0.1.8":
  version "0.1.8"
  resolved "https://registry.yarnpkg.com/@material/rtl/-/rtl-0.1.8.tgz#2462db15e2d4e041666485559c028382872b01fb"

"@material/select@^0.3.12":
  version "0.3.18"
  resolved "https://registry.yarnpkg.com/@material/select/-/select-0.3.18.tgz#6301de3c77ae749edeedb97dd236b55b30c0a332"
  dependencies:
    "@material/animation" "^0.4.1"
    "@material/base" "^0.2.6"
    "@material/list" "^0.2.20"
    "@material/menu" "^0.4.8"
    "@material/rtl" "^0.1.8"
    "@material/theme" "^0.4.0"
    "@material/typography" "^0.3.0"

"@material/selection-control@^0.1.3":
  version "0.1.3"
  resolved "https://registry.yarnpkg.com/@material/selection-control/-/selection-control-0.1.3.tgz#4fb7ed1fd7ee2296a32c156cf2c1eb892bfe44c6"
  dependencies:
    "@material/ripple" "^0.8.8"

"@material/slider@^0.2.2":
  version "0.2.7"
  resolved "https://registry.yarnpkg.com/@material/slider/-/slider-0.2.7.tgz#a40dfb13d2a0e92199aec1cf18a63ab294af5bc8"
  dependencies:
    "@material/animation" "^0.4.1"
    "@material/base" "^0.2.6"
    "@material/rtl" "^0.1.8"
    "@material/theme" "^0.4.0"

"@material/snackbar@^0.3.2":
  version "0.3.6"
  resolved "https://registry.yarnpkg.com/@material/snackbar/-/snackbar-0.3.6.tgz#43eb2458eef4b857d26bd37a6b7eb9b48de79d00"
  dependencies:
    "@material/animation" "^0.3.1"
    "@material/base" "^0.2.5"
    "@material/button" "^0.6.0"
    "@material/rtl" "^0.1.7"
    "@material/theme" "^0.3.0"
    "@material/typography" "^0.3.0"

"@material/switch@^0.1.11":
  version "0.1.15"
  resolved "https://registry.yarnpkg.com/@material/switch/-/switch-0.1.15.tgz#6f2b1f1ef7c3dc96e32a68a3101498b562914619"
  dependencies:
    "@material/animation" "^0.4.1"
    "@material/elevation" "^0.1.13"
    "@material/theme" "^0.4.0"

"@material/tabs@^0.2.5":
  version "0.2.9"
  resolved "https://registry.yarnpkg.com/@material/tabs/-/tabs-0.2.9.tgz#e512d248a62b37e5ed57090c52e6619960ebddb3"
  dependencies:
    "@material/animation" "^0.3.1"
    "@material/base" "^0.2.5"
    "@material/ripple" "^0.8.6"
    "@material/rtl" "^0.1.7"
    "@material/theme" "^0.3.0"
    "@material/typography" "^0.3.0"

"@material/textfield@^0.3.3":
  version "0.3.6"
  resolved "https://registry.yarnpkg.com/@material/textfield/-/textfield-0.3.6.tgz#f3a56e9188a2bfdd4c18a2e92fa7df66eb8d58ca"
  dependencies:
    "@material/animation" "^0.3.1"
    "@material/base" "^0.2.5"
    "@material/ripple" "^0.8.5"
    "@material/rtl" "^0.1.7"
    "@material/theme" "^0.2.0"
    "@material/typography" "^0.3.0"

"@material/theme@^0.1.7":
  version "0.1.7"
  resolved "https://registry.yarnpkg.com/@material/theme/-/theme-0.1.7.tgz#d94a7c5099feae9dc318c639802327c7ae82e872"

"@material/theme@^0.2.0":
  version "0.2.0"
  resolved "https://registry.yarnpkg.com/@material/theme/-/theme-0.2.0.tgz#f54a62e8bcd2a63818419c02f7ec61d9968eff07"

"@material/theme@^0.3.0":
  version "0.3.1"
  resolved "https://registry.yarnpkg.com/@material/theme/-/theme-0.3.1.tgz#6ff261ff72b3493a5cc6e746da3b472d072aa5a9"

"@material/theme@^0.4.0":
  version "0.4.0"
  resolved "https://registry.yarnpkg.com/@material/theme/-/theme-0.4.0.tgz#0aef1a0279b65c15990584fb8b8eca095c734641"

"@material/toolbar@^0.4.4":
  version "0.4.11"
  resolved "https://registry.yarnpkg.com/@material/toolbar/-/toolbar-0.4.11.tgz#284c8a434d9b31603e103ac58d1e76beb18faa7e"
  dependencies:
    "@material/base" "^0.2.6"
    "@material/elevation" "^0.1.13"
    "@material/rtl" "^0.1.8"
    "@material/theme" "^0.4.0"
    "@material/typography" "^0.3.0"

"@material/typography@^0.1.1":
  version "0.1.1"
  resolved "https://registry.yarnpkg.com/@material/typography/-/typography-0.1.1.tgz#fb2e3437bd3284d39e9fb91485767ade6b2bd0c1"

"@material/typography@^0.3.0":
  version "0.3.0"
  resolved "https://registry.yarnpkg.com/@material/typography/-/typography-0.3.0.tgz#f828c2d3215bfd66c58072709b4260c64125390a"

focus-trap@^2.3.0:
  version "2.4.3"
  resolved "https://registry.yarnpkg.com/focus-trap/-/focus-trap-2.4.3.tgz#95edc23e77829b7772cb2486d61fd6371ce112f9"
  dependencies:
    tabbable "^1.0.3"

material-components-web@^0.17.0:
  version "0.17.0"
  resolved "https://registry.yarnpkg.com/material-components-web/-/material-components-web-0.17.0.tgz#ea702e36275d06dd4c3638854ce45631ca318683"
  dependencies:
    "@material/animation" "^0.3.1"
    "@material/auto-init" "^0.1.3"
    "@material/base" "^0.2.3"
    "@material/button" "^0.3.11"
    "@material/card" "^0.2.6"
    "@material/checkbox" "^0.4.2"
    "@material/dialog" "^0.3.5"
    "@material/drawer" "^0.5.4"
    "@material/elevation" "^0.1.11"
    "@material/fab" "^0.3.13"
    "@material/form-field" "^0.2.11"
    "@material/grid-list" "^0.2.8"
    "@material/icon-toggle" "^0.1.16"
    "@material/layout-grid" "^0.4.1"
    "@material/linear-progress" "^0.1.6"
    "@material/list" "^0.2.14"
    "@material/menu" "^0.4.3"
    "@material/radio" "^0.2.9"
    "@material/ripple" "^0.8.2"
    "@material/rtl" "^0.1.7"
    "@material/select" "^0.3.12"
    "@material/slider" "^0.2.2"
    "@material/snackbar" "^0.3.2"
    "@material/switch" "^0.1.11"
    "@material/tabs" "^0.2.5"
    "@material/textfield" "^0.3.3"
    "@material/theme" "^0.1.7"
    "@material/toolbar" "^0.4.4"
    "@material/typography" "^0.3.0"

tabbable@^1.0.3:
  version "1.1.2"
  resolved "https://registry.yarnpkg.com/tabbable/-/tabbable-1.1.2.tgz#b171680aea6e0a3e9281ff23532e2e5de11c0d94"
